
Microsoft Visual Studio Solution File, Format Version 12.00
# Visual Studio 15
VisualStudioVersion = 15.0.28010.2050
MinimumVisualStudioVersion = 10.0.40219.1
Project("{FAE04EC0-301F-11D3-BF4B-00C04F79EFBC}") = "WindowsFormsApp1", "WindowsFormsApp1\WindowsFormsApp1.csproj", "{20E75EE3-B6DB-46F0-A377-17247F217971}"
EndProject
Global
	GlobalSection(SolutionConfigurationPlatforms) = preSolution
		Debug|Any CPU = Debug|Any CPU
		Release|Any CPU = Release|Any CPU
	EndGlobalSection
	GlobalSection(ProjectConfigurationPlatforms) = postSolution
		{20E75EE3-B6DB-46F0-A377-17247F217971}.Debug|Any CPU.ActiveCfg = Debug|Any CPU
		{20E75EE3-B6DB-46F0-A377-17247F217971}.Debug|Any CPU.Build.0 = Debug|Any CPU
		{20E75EE3-B6DB-46F0-A377-17247F217971}.Release|Any CPU.ActiveCfg = Release|Any CPU
		{20E75EE3-B6DB-46F0-A377-17247F217971}.Release|Any CPU.Build.0 = Release|Any CPU
	EndGlobalSection
	GlobalSection(SolutionProperties) = preSolution
		HideSolutionNode = FALSE
	EndGlobalSection
	GlobalSection(ExtensibilityGlobals) = postSolution
		SolutionGuid = {67C764C1-BE68-4591-8AD4-56FDAEB5CE0F}
	EndGlobalSection
EndGlobal
